// !$*UTF8*$!
{
	archiveVersion = 1;
	classes = {
	};
	objectVersion = 55;
	objects = {

/* Begin PBXBuildFile section */
		DB325D7E283418C000FCB14F /* AppDelegate.swift in Sources */ = {isa = PBXBuildFile; fileRef = DB325D7D283418C000FCB14F /* AppDelegate.swift */; };
		DB325D80283418C000FCB14F /* SceneDelegate.swift in Sources */ = {isa = PBXBuildFile; fileRef = DB325D7F283418C000FCB14F /* SceneDelegate.swift */; };
		DB325D82283418C000FCB14F /* ViewController.swift in Sources */ = {isa = PBXBuildFile; fileRef = DB325D81283418C000FCB14F /* ViewController.swift */; };
		DB325D85283418C000FCB14F /* Main.storyboard in Resources */ = {isa = PBXBuildFile; fileRef = DB325D83283418C000FCB14F /* Main.storyboard */; };
		DB325D87283418C200FCB14F /* Assets.xcassets in Resources */ = {isa = PBXBuildFile; fileRef = DB325D86283418C200FCB14F /* Assets.xcassets */; };
		DB325D8A283418C200FCB14F /* LaunchScreen.storyboard in Resources */ = {isa = PBXBuildFile; fileRef = DB325D88283418C200FCB14F /* LaunchScreen.storyboard */; };
		DB325D95283418C200FCB14F /* IQUIZ_ATTEMP2Tests.swift in Sources */ = {isa = PBXBuildFile; fileRef = DB325D94283418C200FCB14F /* IQUIZ_ATTEMP2Tests.swift */; };
		DB325D9F283418C200FCB14F /* IQUIZ_ATTEMP2UITests.swift in Sources */ = {isa = PBXBuildFile; fileRef = DB325D9E283418C200FCB14F /* IQUIZ_ATTEMP2UITests.swift */; };
		DB325DA1283418C200FCB14F /* IQUIZ_ATTEMP2UITestsLaunchTests.swift in Sources */ = {isa = PBXBuildFile; fileRef = DB325DA0283418C200FCB14F /* IQUIZ_ATTEMP2UITestsLaunchTests.swift */; };
		DB325DAE28341A1300FCB14F /* Begin_Storyboard.swift in Sources */ = {isa = PBXBuildFile; fileRef = DB325DAD28341A1300FCB14F /* Begin_Storyboard.swift */; };
		DB325DB22834722E00FCB14F /* AppModel.swift in Sources */ = {isa = PBXBuildFile; fileRef = DB325DB12834722E00FCB14F /* AppModel.swift */; };
		DB325DB42834760400FCB14F /* Main.swift in Sources */ = {isa = PBXBuildFile; fileRef = DB325DB32834760400FCB14F /* Main.swift */; };
		DB325DB82834791F00FCB14F /* Answer_Scence.swift in Sources */ = {isa = PBXBuildFile; fileRef = DB325DB72834791F00FCB14F /* Answer_Scence.swift */; };
		DB325DBA28347C7400FCB14F /* Results_Scence.swift in Sources */ = {isa = PBXBuildFile; fileRef = DB325DB928347C7400FCB14F /* Results_Scence.swift */; };
		DB325DD02836E88B00FCB14F /* Settings.bundle in Resources */ = {isa = PBXBuildFile; fileRef = DB325DCF2836E88B00FCB14F /* Settings.bundle */; };
/* End PBXBuildFile section */

/* Begin PBXContainerItemProxy section */
		DB325D91283418C200FCB14F /* PBXContainerItemProxy */ = {
			isa = PBXContainerItemProxy;
			containerPortal = DB325D72283418BF00FCB14F /* Project object */;
			proxyType = 1;
			remoteGlobalIDString = DB325D79283418C000FCB14F;
			remoteInfo = IQUIZ_ATTEMP2;
		};
		DB325D9B283418C200FCB14F /* PBXContainerItemProxy */ = {
			isa = PBXContainerItemProxy;
			containerPortal = DB325D72283418BF00FCB14F /* Project object */;
			proxyType = 1;
			remoteGlobalIDString = DB325D79283418C000FCB14F;
			remoteInfo = IQUIZ_ATTEMP2;
		};
/* End PBXContainerItemProxy section */

/* Begin PBXFileReference section */
		DB325D7A283418C000FCB14F /* IQUIZ_ATTEMP2.app */ = {isa = PBXFileReference; explicitFileType = wrapper.application; includeInIndex = 0; path = IQUIZ_ATTEMP2.app; sourceTree = BUILT_PRODUCTS_DIR; };
		DB325D7D283418C000FCB14F /* AppDelegate.swift */ = {isa = PBXFileReference; lastKnownFileType = sourcecode.swift; path = AppDelegate.swift; sourceTree = "<group>"; };
		DB325D7F283418C000FCB14F /* SceneDelegate.swift */ = {isa = PBXFileReference; lastKnownFileType = sourcecode.swift; path = SceneDelegate.swift; sourceTree = "<group>"; };
		DB325D81283418C000FCB14F /* ViewController.swift */ = {isa = PBXFileReference; lastKnownFileType = sourcecode.swift; path = ViewController.swift; sourceTree = "<group>"; };
		DB325D84283418C000FCB14F /* Base */ = {isa = PBXFileReference; lastKnownFileType = file.storyboard; name = Base; path = Base.lproj/Main.storyboard; sourceTree = "<group>"; };
		DB325D86283418C200FCB14F /* Assets.xcassets */ = {isa = PBXFileReference; lastKnownFileType = folder.assetcatalog; path = Assets.xcassets; sourceTree = "<group>"; };
		DB325D89283418C200FCB14F /* Base */ = {isa = PBXFileReference; lastKnownFileType = file.storyboard; name = Base; path = Base.lproj/LaunchScreen.storyboard; sourceTree = "<group>"; };
		DB325D8B283418C200FCB14F /* Info.plist */ = {isa = PBXFileReference; lastKnownFileType = text.plist.xml; path = Info.plist; sourceTree = "<group>"; };
		DB325D90283418C200FCB14F /* IQUIZ_ATTEMP2Tests.xctest */ = {isa = PBXFileReference; explicitFileType = wrapper.cfbundle; includeInIndex = 0; path = IQUIZ_ATTEMP2Tests.xctest; sourceTree = BUILT_PRODUCTS_DIR; };
		DB325D94283418C200FCB14F /* IQUIZ_ATTEMP2Tests.swift */ = {isa = PBXFileReference; lastKnownFileType = sourcecode.swift; path = IQUIZ_ATTEMP2Tests.swift; sourceTree = "<group>"; };
		DB325D9A283418C200FCB14F /* IQUIZ_ATTEMP2UITests.xctest */ = {isa = PBXFileReference; explicitFileType = wrapper.cfbundle; includeInIndex = 0; path = IQUIZ_ATTEMP2UITests.xctest; sourceTree = BUILT_PRODUCTS_DIR; };
		DB325D9E283418C200FCB14F /* IQUIZ_ATTEMP2UITests.swift */ = {isa = PBXFileReference; lastKnownFileType = sourcecode.swift; path = IQUIZ_ATTEMP2UITests.swift; sourceTree = "<group>"; };
		DB325DA0283418C200FCB14F /* IQUIZ_ATTEMP2UITestsLaunchTests.swift */ = {isa = PBXFileReference; lastKnownFileType = sourcecode.swift; path = IQUIZ_ATTEMP2UITestsLaunchTests.swift; sourceTree = "<group>"; };
		DB325DAD28341A1300FCB14F /* Begin_Storyboard.swift */ = {isa = PBXFileReference; lastKnownFileType = sourcecode.swift; path = Begin_Storyboard.swift; sourceTree = "<group>"; };
		DB325DB12834722E00FCB14F /* AppModel.swift */ = {isa = PBXFileReference; lastKnownFileType = sourcecode.swift; path = AppModel.swift; sourceTree = "<group>"; };
		DB325DB32834760400FCB14F /* Main.swift */ = {isa = PBXFileReference; lastKnownFileType = sourcecode.swift; path = Main.swift; sourceTree = "<group>"; };
		DB325DB72834791F00FCB14F /* Answer_Scence.swift */ = {isa = PBXFileReference; lastKnownFileType = sourcecode.swift; path = Answer_Scence.swift; sourceTree = "<group>"; };
		DB325DB928347C7400FCB14F /* Results_Scence.swift */ = {isa = PBXFileReference; lastKnownFileType = sourcecode.swift; path = Results_Scence.swift; sourceTree = "<group>"; };
		DB325DCF2836E88B00FCB14F /* Settings.bundle */ = {isa = PBXFileReference; lastKnownFileType = "wrapper.plug-in"; name = Settings.bundle; path = "../../FSApp-2/FSApp/Settings.bundle"; sourceTree = "<group>"; };
/* End PBXFileReference section */

/* Begin PBXFrameworksBuildPhase section */
		DB325D77283418C000FCB14F /* Frameworks */ = {
			isa = PBXFrameworksBuildPhase;
			buildActionMask = 2147483647;
			files = (
			);
			runOnlyForDeploymentPostprocessing = 0;
		};
		DB325D8D283418C200FCB14F /* Frameworks */ = {
			isa = PBXFrameworksBuildPhase;
			buildActionMask = 2147483647;
			files = (
			);
			runOnlyForDeploymentPostprocessing = 0;
		};
		DB325D97283418C200FCB14F /* Frameworks */ = {
			isa = PBXFrameworksBuildPhase;
			buildActionMask = 2147483647;
			files = (
			);
			runOnlyForDeploymentPostprocessing = 0;
		};
/* End PBXFrameworksBuildPhase section */

/* Begin PBXGroup section */
		DB325D71283418BF00FCB14F = {
			isa = PBXGroup;
			children = (
				DB325D7C283418C000FCB14F /* IQUIZ_ATTEMP2 */,
				DB325D93283418C200FCB14F /* IQUIZ_ATTEMP2Tests */,
				DB325D9D283418C200FCB14F /* IQUIZ_ATTEMP2UITests */,
				DB325D7B283418C000FCB14F /* Products */,
			);
			sourceTree = "<group>";
		};
		DB325D7B283418C000FCB14F /* Products */ = {
			isa = PBXGroup;
			children = (
				DB325D7A283418C000FCB14F /* IQUIZ_ATTEMP2.app */,
				DB325D90283418C200FCB14F /* IQUIZ_ATTEMP2Tests.xctest */,
				DB325D9A283418C200FCB14F /* IQUIZ_ATTEMP2UITests.xctest */,
			);
			name = Products;
			sourceTree = "<group>";
		};
		DB325D7C283418C000FCB14F /* IQUIZ_ATTEMP2 */ = {
			isa = PBXGroup;
			children = (
				DB325D7D283418C000FCB14F /* AppDelegate.swift */,
				DB325D7F283418C000FCB14F /* SceneDelegate.swift */,
				DB325D81283418C000FCB14F /* ViewController.swift */,
				DB325DB32834760400FCB14F /* Main.swift */,
				DB325DB12834722E00FCB14F /* AppModel.swift */,
				DB325DAD28341A1300FCB14F /* Begin_Storyboard.swift */,
				DB325D83283418C000FCB14F /* Main.storyboard */,
				DB325DB928347C7400FCB14F /* Results_Scence.swift */,
				DB325DB72834791F00FCB14F /* Answer_Scence.swift */,
				DB325D86283418C200FCB14F /* Assets.xcassets */,
				DB325D88283418C200FCB14F /* LaunchScreen.storyboard */,
				DB325D8B283418C200FCB14F /* Info.plist */,
			);
			path = IQUIZ_ATTEMP2;
			sourceTree = "<group>";
		};
		DB325D93283418C200FCB14F /* IQUIZ_ATTEMP2Tests */ = {
			isa = PBXGroup;
			children = (
				DB325D94283418C200FCB14F /* IQUIZ_ATTEMP2Tests.swift */,
			);
			path = IQUIZ_ATTEMP2Tests;
			sourceTree = "<group>";
		};
		DB325D9D283418C200FCB14F /* IQUIZ_ATTEMP2UITests */ = {
			isa = PBXGroup;
			children = (
				DB325D9E283418C200FCB14F /* IQUIZ_ATTEMP2UITests.swift */,
				DB325DA0283418C200FCB14F /* IQUIZ_ATTEMP2UITestsLaunchTests.swift */,
				DB325DCF2836E88B00FCB14F /* Settings.bundle */,
			);
			path = IQUIZ_ATTEMP2UITests;
			sourceTree = "<group>";
		};
/* End PBXGroup section */

/* Begin PBXNativeTarget section */
		DB325D79283418C000FCB14F /* IQUIZ_ATTEMP2 */ = {
			isa = PBXNativeTarget;
			buildConfigurationList = DB325DA4283418C200FCB14F /* Build configuration list for PBXNativeTarget "IQUIZ_ATTEMP2" */;
			buildPhases = (
				DB325D76283418C000FCB14F /* Sources */,
				DB325D77283418C000FCB14F /* Frameworks */,
				DB325D78283418C000FCB14F /* Resources */,
			);
			buildRules = (
			);
			dependencies = (
			);
			name = IQUIZ_ATTEMP2;
			productName = IQUIZ_ATTEMP2;
			productReference = DB325D7A283418C000FCB14F /* IQUIZ_ATTEMP2.app */;
			productType = "com.apple.product-type.application";
		};
		DB325D8F283418C200FCB14F /* IQUIZ_ATTEMP2Tests */ = {
			isa = PBXNativeTarget;
			buildConfigurationList = DB325DA7283418C200FCB14F /* Build configuration list for PBXNativeTarget "IQUIZ_ATTEMP2Tests" */;
			buildPhases = (
				DB325D8C283418C200FCB14F /* Sources */,
				DB325D8D283418C200FCB14F /* Frameworks */,
				DB325D8E283418C200FCB14F /* Resources */,
			);
			buildRules = (
			);
			dependencies = (
				DB325D92283418C200FCB14F /* PBXTargetDependency */,
			);
			name = IQUIZ_ATTEMP2Tests;
			productName = IQUIZ_ATTEMP2Tests;
			productReference = DB325D90283418C200FCB14F /* IQUIZ_ATTEMP2Tests.xctest */;
			productType = "com.apple.product-type.bundle.unit-test";
		};
		DB325D99283418C200FCB14F /* IQUIZ_ATTEMP2UITests */ = {
			isa = PBXNativeTarget;
			buildConfigurationList = DB325DAA283418C200FCB14F /* Build configuration list for PBXNativeTarget "IQUIZ_ATTEMP2UITests" */;
			buildPhases = (
				DB325D96283418C200FCB14F /* Sources */,
				DB325D97283418C200FCB14F /* Frameworks */,
				DB325D98283418C200FCB14F /* Resources */,
			);
			buildRules = (
			);
			dependencies = (
				DB325D9C283418C200FCB14F /* PBXTargetDependency */,
			);
			name = IQUIZ_ATTEMP2UITests;
			productName = IQUIZ_ATTEMP2UITests;
			productReference = DB325D9A283418C200FCB14F /* IQUIZ_ATTEMP2UITests.xctest */;
			productType = "com.apple.product-type.bundle.ui-testing";
		};
/* End PBXNativeTarget section */

/* Begin PBXProject section */
		DB325D72283418BF00FCB14F /* Project object */ = {
			isa = PBXProject;
			attributes = {
				BuildIndependentTargetsInParallel = 1;
				LastSwiftUpdateCheck = 1330;
				LastUpgradeCheck = 1330;
				TargetAttributes = {
					DB325D79283418C000FCB14F = {
						CreatedOnToolsVersion = 13.3.1;
					};
					DB325D8F283418C200FCB14F = {
						CreatedOnToolsVersion = 13.3.1;
						TestTargetID = DB325D79283418C000FCB14F;
					};
					DB325D99283418C200FCB14F = {
						CreatedOnToolsVersion = 13.3.1;
						TestTargetID = DB325D79283418C000FCB14F;
					};
				};
			};
			buildConfigurationList = DB325D75283418BF00FCB14F /* Build configuration list for PBXProject "IQUIZ_ATTEMP2" */;
			compatibilityVersion = "Xcode 13.0";
			developmentRegion = en;
			hasScannedForEncodings = 0;
			knownRegions = (
				en,
				Base,
			);
			mainGroup = DB325D71283418BF00FCB14F;
			productRefGroup = DB325D7B283418C000FCB14F /* Products */;
			projectDirPath = "";
			projectRoot = "";
			targets = (
				DB325D79283418C000FCB14F /* IQUIZ_ATTEMP2 */,
				DB325D8F283418C200FCB14F /* IQUIZ_ATTEMP2Tests */,
				DB325D99283418C200FCB14F /* IQUIZ_ATTEMP2UITests */,
			);
		};
/* End PBXProject section */

/* Begin PBXResourcesBuildPhase section */
		DB325D78283418C000FCB14F /* Resources */ = {
			isa = PBXResourcesBuildPhase;
			buildActionMask = 2147483647;
			files = (
				DB325DD02836E88B00FCB14F /* Settings.bundle in Resources */,
				DB325D8A283418C200FCB14F /* LaunchScreen.storyboard in Resources */,
				DB325D87283418C200FCB14F /* Assets.xcassets in Resources */,
				DB325D85283418C000FCB14F /* Main.storyboard in Resources */,
			);
			runOnlyForDeploymentPostprocessing = 0;
		};
		DB325D8E283418C200FCB14F /* Resources */ = {
			isa = PBXResourcesBuildPhase;
			buildActionMask = 2147483647;
			files = (
			);
			runOnlyForDeploymentPostprocessing = 0;
		};
		DB325D98283418C200FCB14F /* Resources */ = {
			isa = PBXResourcesBuildPhase;
			buildActionMask = 2147483647;
			files = (
			);
			runOnlyForDeploymentPostprocessing = 0;
		};
/* End PBXResourcesBuildPhase section */

/* Begin PBXSourcesBuildPhase section */
		DB325D76283418C000FCB14F /* Sources */ = {
			isa = PBXSourcesBuildPhase;
			buildActionMask = 2147483647;
			files = (
				DB325DB42834760400FCB14F /* Main.swift in Sources */,
				DB325DBA28347C7400FCB14F /* Results_Scence.swift in Sources */,
				DB325D82283418C000FCB14F /* ViewController.swift in Sources */,
				DB325DB82834791F00FCB14F /* Answer_Scence.swift in Sources */,
				DB325D7E283418C000FCB14F /* AppDelegate.swift in Sources */,
				DB325DAE28341A1300FCB14F /* Begin_Storyboard.swift in Sources */,
				DB325DB22834722E00FCB14F /* AppModel.swift in Sources */,
				DB325D80283418C000FCB14F /* SceneDelegate.swift in Sources */,
			);
			runOnlyForDeploymentPostprocessing = 0;
		};
		DB325D8C283418C200FCB14F /* Sources */ = {
			isa = PBXSourcesBuildPhase;
			buildActionMask = 2147483647;
			files = (
				DB325D95283418C200FCB14F /* IQUIZ_ATTEMP2Tests.swift in Sources */,
			);
			runOnlyForDeploymentPostprocessing = 0;
		};
		DB325D96283418C200FCB14F /* Sources */ = {
			isa = PBXSourcesBuildPhase;
			buildActionMask = 2147483647;
			files = (
				DB325D9F283418C200FCB14F /* IQUIZ_ATTEMP2UITests.swift in Sources */,
				DB325DA1283418C200FCB14F /* IQUIZ_ATTEMP2UITestsLaunchTests.swift in Sources */,
			);
			runOnlyForDeploymentPostprocessing = 0;
		};
/* End PBXSourcesBuildPhase section */

/* Begin PBXTargetDependency section */
		DB325D92283418C200FCB14F /* PBXTargetDependency */ = {
			isa = PBXTargetDependency;
			target = DB325D79283418C000FCB14F /* IQUIZ_ATTEMP2 */;
			targetProxy = DB325D91283418C200FCB14F /* PBXContainerItemProxy */;
		};
		DB325D9C283418C200FCB14F /* PBXTargetDependency */ = {
			isa = PBXTargetDependency;
			target = DB325D79283418C000FCB14F /* IQUIZ_ATTEMP2 */;
			targetProxy = DB325D9B283418C200FCB14F /* PBXContainerItemProxy */;
		};
/* End PBXTargetDependency section */

/* Begin PBXVariantGroup section */
		DB325D83283418C000FCB14F /* Main.storyboard */ = {
			isa = PBXVariantGroup;
			children = (
				DB325D84283418C000FCB14F /* Base */,
			);
			name = Main.storyboard;
			sourceTree = "<group>";
		};
		DB325D88283418C200FCB14F /* LaunchScreen.storyboard */ = {
			isa = PBXVariantGroup;
			children = (
				DB325D89283418C200FCB14F /* Base */,
			);
			name = LaunchScreen.storyboard;
			sourceTree = "<group>";
		};
/* End PBXVariantGroup section */

/* Begin XCBuildConfiguration section */
		DB325DA2283418C200FCB14F /* Debug */ = {
			isa = XCBuildConfiguration;
			buildSettings = {
				ALWAYS_SEARCH_USER_PATHS = NO;
				CLANG_ANALYZER_NONNULL = YES;
				CLANG_ANALYZER_NUMBER_OBJECT_CONVERSION = YES_AGGRESSIVE;
				CLANG_CXX_LANGUAGE_STANDARD = "gnu++17";
				CLANG_ENABLE_MODULES = YES;
				CLANG_ENABLE_OBJC_ARC = YES;
				CLANG_ENABLE_OBJC_WEAK = YES;
				CLANG_WARN_BLOCK_CAPTURE_AUTORELEASING = YES;
				CLANG_WARN_BOOL_CONVERSION = YES;
				CLANG_WARN_COMMA = YES;
				CLANG_WARN_CONSTANT_CONVERSION = YES;
				CLANG_WARN_DEPRECATED_OBJC_IMPLEMENTATIONS = YES;
				CLANG_WARN_DIRECT_OBJC_ISA_USAGE = YES_ERROR;
				CLANG_WARN_DOCUMENTATION_COMMENTS = YES;
				CLANG_WARN_EMPTY_BODY = YES;
				CLANG_WARN_ENUM_CONVERSION = YES;
				CLANG_WARN_INFINITE_RECURSION = YES;
				CLANG_WARN_INT_CONVERSION = YES;
				CLANG_WARN_NON_LITERAL_NULL_CONVERSION = YES;
				CLANG_WARN_OBJC_IMPLICIT_RETAIN_SELF = YES;
				CLANG_WARN_OBJC_LITERAL_CONVERSION = YES;
				CLANG_WARN_OBJC_ROOT_CLASS = YES_ERROR;
				CLANG_WARN_QUOTED_INCLUDE_IN_FRAMEWORK_HEADER = YES;
				CLANG_WARN_RANGE_LOOP_ANALYSIS = YES;
				CLANG_WARN_STRICT_PROTOTYPES = YES;
				CLANG_WARN_SUSPICIOUS_MOVE = YES;
				CLANG_WARN_UNGUARDED_AVAILABILITY = YES_AGGRESSIVE;
				CLANG_WARN_UNREACHABLE_CODE = YES;
				CLANG_WARN__DUPLICATE_METHOD_MATCH = YES;
				COPY_PHASE_STRIP = NO;
				DEBUG_INFORMATION_FORMAT = dwarf;
				ENABLE_STRICT_OBJC_MSGSEND = YES;
				ENABLE_TESTABILITY = YES;
				GCC_C_LANGUAGE_STANDARD = gnu11;
				GCC_DYNAMIC_NO_PIC = NO;
				GCC_NO_COMMON_BLOCKS = YES;
				GCC_OPTIMIZATION_LEVEL = 0;
				GCC_PREPROCESSOR_DEFINITIONS = (
					"DEBUG=1",
					"$(inherited)",
				);
				GCC_WARN_64_TO_32_BIT_CONVERSION = YES;
				GCC_WARN_ABOUT_RETURN_TYPE = YES_ERROR;
				GCC_WARN_UNDECLARED_SELECTOR = YES;
				GCC_WARN_UNINITIALIZED_AUTOS = YES_AGGRESSIVE;
				GCC_WARN_UNUSED_FUNCTION = YES;
				GCC_WARN_UNUSED_VARIABLE = YES;
				IPHONEOS_DEPLOYMENT_TARGET = 15.4;
				MTL_ENABLE_DEBUG_INFO = INCLUDE_SOURCE;
				MTL_FAST_MATH = YES;
				ONLY_ACTIVE_ARCH = YES;
				SDKROOT = iphoneos;
				SWIFT_ACTIVE_COMPILATION_CONDITIONS = DEBUG;
				SWIFT_OPTIMIZATION_LEVEL = "-Onone";
			};
			name = Debug;
		};
		DB325DA3283418C200FCB14F /* Release */ = {
			isa = XCBuildConfiguration;
			buildSettings = {
				ALWAYS_SEARCH_USER_PATHS = NO;
				CLANG_ANALYZER_NONNULL = YES;
				CLANG_ANALYZER_NUMBER_OBJECT_CONVERSION = YES_AGGRESSIVE;
				CLANG_CXX_LANGUAGE_STANDARD = "gnu++17";
				CLANG_ENABLE_MODULES = YES;
				CLANG_ENABLE_OBJC_ARC = YES;
				CLANG_ENABLE_OBJC_WEAK = YES;
				CLANG_WARN_BLOCK_CAPTURE_AUTORELEASING = YES;
				CLANG_WARN_BOOL_CONVERSION = YES;
				CLANG_WARN_COMMA = YES;
				CLANG_WARN_CONSTANT_CONVERSION = YES;
				CLANG_WARN_DEPRECATED_OBJC_IMPLEMENTATIONS = YES;
				CLANG_WARN_DIRECT_OBJC_ISA_USAGE = YES_ERROR;
				CLANG_WARN_DOCUMENTATION_COMMENTS = YES;
				CLANG_WARN_EMPTY_BODY = YES;
				CLANG_WARN_ENUM_CONVERSION = YES;
				CLANG_WARN_INFINITE_RECURSION = YES;
				CLANG_WARN_INT_CONVERSION = YES;
				CLANG_WARN_NON_LITERAL_NULL_CONVERSION = YES;
				CLANG_WARN_OBJC_IMPLICIT_RETAIN_SELF = YES;
				CLANG_WARN_OBJC_LITERAL_CONVERSION = YES;
				CLANG_WARN_OBJC_ROOT_CLASS = YES_ERROR;
				CLANG_WARN_QUOTED_INCLUDE_IN_FRAMEWORK_HEADER = YES;
				CLANG_WARN_RANGE_LOOP_ANALYSIS = YES;
				CLANG_WARN_STRICT_PROTOTYPES = YES;
				CLANG_WARN_SUSPICIOUS_MOVE = YES;
				CLANG_WARN_UNGUARDED_AVAILABILITY = YES_AGGRESSIVE;
				CLANG_WARN_UNREACHABLE_CODE = YES;
				CLANG_WARN__DUPLICATE_METHOD_MATCH = YES;
				COPY_PHASE_STRIP = NO;
				DEBUG_INFORMATION_FORMAT = "dwarf-with-dsym";
				ENABLE_NS_ASSERTIONS = NO;
				ENABLE_STRICT_OBJC_MSGSEND = YES;
				GCC_C_LANGUAGE_STANDARD = gnu11;
				GCC_NO_COMMON_BLOCKS = YES;
				GCC_WARN_64_TO_32_BIT_CONVERSION = YES;
				GCC_WARN_ABOUT_RETURN_TYPE = YES_ERROR;
				GCC_WARN_UNDECLARED_SELECTOR = YES;
				GCC_WARN_UNINITIALIZED_AUTOS = YES_AGGRESSIVE;
				GCC_WARN_UNUSED_FUNCTION = YES;
				GCC_WARN_UNUSED_VARIABLE = YES;
				IPHONEOS_DEPLOYMENT_TARGET = 15.4;
				MTL_ENABLE_DEBUG_INFO = NO;
				MTL_FAST_MATH = YES;
				SDKROOT = iphoneos;
				SWIFT_COMPILATION_MODE = wholemodule;
				SWIFT_OPTIMIZATION_LEVEL = "-O";
				VALIDATE_PRODUCT = YES;
			};
			name = Release;
		};
		DB325DA5283418C200FCB14F /* Debug */ = {
			isa = XCBuildConfiguration;
			buildSettings = {
				ASSETCATALOG_COMPILER_APPICON_NAME = AppIcon;
				ASSETCATALOG_COMPILER_GLOBAL_ACCENT_COLOR_NAME = AccentColor;
				CODE_SIGN_STYLE = Automatic;
				CURRENT_PROJECT_VERSION = 1;
				DEVELOPMENT_TEAM = 94FQL4S69Q;
				GENERATE_INFOPLIST_FILE = YES;
				INFOPLIST_FILE = IQUIZ_ATTEMP2/Info.plist;
				INFOPLIST_KEY_UIApplicationSupportsIndirectInputEvents = YES;
				INFOPLIST_KEY_UILaunchStoryboardName = LaunchScreen;
				INFOPLIST_KEY_UIMainStoryboardFile = Main;
				INFOPLIST_KEY_UISupportedInterfaceOrientations_iPad = "UIInterfaceOrientationPortrait UIInterfaceOrientationPortraitUpsideDown UIInterfaceOrientationLandscapeLeft UIInterfaceOrientationLandscapeRight";
				INFOPLIST_KEY_UISupportedInterfaceOrientations_iPhone = "UIInterfaceOrientationPortrait UIInterfaceOrientationLandscapeLeft UIInterfaceOrientationLandscapeRight";
				LD_RUNPATH_SEARCH_PATHS = (
					"$(inherited)",
					"@executable_path/Frameworks",
				);
				MARKETING_VERSION = 1.0;
				PRODUCT_BUNDLE_IDENTIFIER = "com.AbdiwahidHajir.helloios.IQUIZ-ATTEMP2";
				PRODUCT_NAME = "$(TARGET_NAME)";
				SWIFT_EMIT_LOC_STRINGS = YES;
				SWIFT_VERSION = 5.0;
				TARGETED_DEVICE_FAMILY = "1,2";
			};
			name = Debug;
		};
		DB325DA6283418C200FCB14F /* Release */ = {
			isa = XCBuildConfiguration;
			buildSettings = {
				ASSETCATALOG_COMPILER_APPICON_NAME = AppIcon;
				ASSETCATALOG_COMPILER_GLOBAL_ACCENT_COLOR_NAME = AccentColor;
				CODE_SIGN_STYLE = Automatic;
				CURRENT_PROJECT_VERSION = 1;
				DEVELOPMENT_TEAM = 94FQL4S69Q;
				GENERATE_INFOPLIST_FILE = YES;
				INFOPLIST_FILE = IQUIZ_ATTEMP2/Info.plist;
				INFOPLIST_KEY_UIApplicationSupportsIndirectInputEvents = YES;
				INFOPLIST_KEY_UILaunchStoryboardName = LaunchScreen;
				INFOPLIST_KEY_UIMainStoryboardFile = Main;
				INFOPLIST_KEY_UISupportedInterfaceOrientations_iPad = "UIInterfaceOrientationPortrait UIInterfaceOrientationPortraitUpsideDown UIInterfaceOrientationLandscapeLeft UIInterfaceOrientationLandscapeRight";
				INFOPLIST_KEY_UISupportedInterfaceOrientations_iPhone = "UIInterfaceOrientationPortrait UIInterfaceOrientationLandscapeLeft UIInterfaceOrientationLandscapeRight";
				LD_RUNPATH_SEARCH_PATHS = (
					"$(inherited)",
					"@executable_path/Frameworks",
				);
				MARKETING_VERSION = 1.0;
				PRODUCT_BUNDLE_IDENTIFIER = "com.AbdiwahidHajir.helloios.IQUIZ-ATTEMP2";
				PRODUCT_NAME = "$(TARGET_NAME)";
				SWIFT_EMIT_LOC_STRINGS = YES;
				SWIFT_VERSION = 5.0;
				TARGETED_DEVICE_FAMILY = "1,2";
			};
			name = Release;
		};
		DB325DA8283418C200FCB14F /* Debug */ = {
			isa = XCBuildConfiguration;
			buildSettings = {
				ALWAYS_EMBED_SWIFT_STANDARD_LIBRARIES = YES;
				BUNDLE_LOADER = "$(TEST_HOST)";
				CODE_SIGN_STYLE = Automatic;
				CURRENT_PROJECT_VERSION = 1;
				DEVELOPMENT_TEAM = 94FQL4S69Q;
				GENERATE_INFOPLIST_FILE = YES;
				IPHONEOS_DEPLOYMENT_TARGET = 15.4;
				MARKETING_VERSION = 1.0;
				PRODUCT_BUNDLE_IDENTIFIER = "com.AbdiwahidHajir.helloios.IQUIZ-ATTEMP2Tests";
				PRODUCT_NAME = "$(TARGET_NAME)";
				SWIFT_EMIT_LOC_STRINGS = NO;
				SWIFT_VERSION = 5.0;
				TARGETED_DEVICE_FAMILY = "1,2";
				TEST_HOST = "$(BUILT_PRODUCTS_DIR)/IQUIZ_ATTEMP2.app/IQUIZ_ATTEMP2";
			};
			name = Debug;
		};
		DB325DA9283418C200FCB14F /* Release */ = {
			isa = XCBuildConfiguration;
			buildSettings = {
				ALWAYS_EMBED_SWIFT_STANDARD_LIBRARIES = YES;
				BUNDLE_LOADER = "$(TEST_HOST)";
				CODE_SIGN_STYLE = Automatic;
				CURRENT_PROJECT_VERSION = 1;
				DEVELOPMENT_TEAM = 94FQL4S69Q;
				GENERATE_INFOPLIST_FILE = YES;
				IPHONEOS_DEPLOYMENT_TARGET = 15.4;
				MARKETING_VERSION = 1.0;
				PRODUCT_BUNDLE_IDENTIFIER = "com.AbdiwahidHajir.helloios.IQUIZ-ATTEMP2Tests";
				PRODUCT_NAME = "$(TARGET_NAME)";
				SWIFT_EMIT_LOC_STRINGS = NO;
				SWIFT_VERSION = 5.0;
				TARGETED_DEVICE_FAMILY = "1,2";
				TEST_HOST = "$(BUILT_PRODUCTS_DIR)/IQUIZ_ATTEMP2.app/IQUIZ_ATTEMP2";
			};
			name = Release;
		};
		DB325DAB283418C200FCB14F /* Debug */ = {
			isa = XCBuildConfiguration;
			buildSettings = {
				ALWAYS_EMBED_SWIFT_STANDARD_LIBRARIES = YES;
				CODE_SIGN_STYLE = Automatic;
				CURRENT_PROJECT_VERSION = 1;
				DEVELOPMENT_TEAM = 94FQL4S69Q;
				GENERATE_INFOPLIST_FILE = YES;
				MARKETING_VERSION = 1.0;
				PRODUCT_BUNDLE_IDENTIFIER = "com.AbdiwahidHajir.helloios.IQUIZ-ATTEMP2UITests";
				PRODUCT_NAME = "$(TARGET_NAME)";
				SWIFT_EMIT_LOC_STRINGS = NO;
				SWIFT_VERSION = 5.0;
				TARGETED_DEVICE_FAMILY = "1,2";
				TEST_TARGET_NAME = IQUIZ_ATTEMP2;
			};
			name = Debug;
		};
		DB325DAC283418C200FCB14F /* Release */ = {
			isa = XCBuildConfiguration;
			buildSettings = {
				ALWAYS_EMBED_SWIFT_STANDARD_LIBRARIES = YES;
				CODE_SIGN_STYLE = Automatic;
				CURRENT_PROJECT_VERSION = 1;
				DEVELOPMENT_TEAM = 94FQL4S69Q;
				GENERATE_INFOPLIST_FILE = YES;
				MARKETING_VERSION = 1.0;
				PRODUCT_BUNDLE_IDENTIFIER = "com.AbdiwahidHajir.helloios.IQUIZ-ATTEMP2UITests";
				PRODUCT_NAME = "$(TARGET_NAME)";
				SWIFT_EMIT_LOC_STRINGS = NO;
				SWIFT_VERSION = 5.0;
				TARGETED_DEVICE_FAMILY = "1,2";
				TEST_TARGET_NAME = IQUIZ_ATTEMP2;
			};
			name = Release;
		};
/* End XCBuildConfiguration section */

/* Begin XCConfigurationList section */
		DB325D75283418BF00FCB14F /* Build configuration list for PBXProject "IQUIZ_ATTEMP2" */ = {
			isa = XCConfigurationList;
			buildConfigurations = (
				DB325DA2283418C200FCB14F /* Debug */,
				DB325DA3283418C200FCB14F /* Release */,
			);
			defaultConfigurationIsVisible = 0;
			defaultConfigurationName = Release;
		};
		DB325DA4283418C200FCB14F /* Build configuration list for PBXNativeTarget "IQUIZ_ATTEMP2" */ = {
			isa = XCConfigurationList;
			buildConfigurations = (
				DB325DA5283418C200FCB14F /* Debug */,
				DB325DA6283418C200FCB14F /* Release */,
			);
			defaultConfigurationIsVisible = 0;
			defaultConfigurationName = Release;
		};
		DB325DA7283418C200FCB14F /* Build configuration list for PBXNativeTarget "IQUIZ_ATTEMP2Tests" */ = {
			isa = XCConfigurationList;
			buildConfigurations = (
				DB325DA8283418C200FCB14F /* Debug */,
				DB325DA9283418C200FCB14F /* Release */,
			);
			defaultConfigurationIsVisible = 0;
			defaultConfigurationName = Release;
		};
		DB325DAA283418C200FCB14F /* Build configuration list for PBXNativeTarget "IQUIZ_ATTEMP2UITests" */ = {
			isa = XCConfigurationList;
			buildConfigurations = (
				DB325DAB283418C200FCB14F /* Debug */,
				DB325DAC283418C200FCB14F /* Release */,
			);
			defaultConfigurationIsVisible = 0;
			defaultConfigurationName = Release;
		};
/* End XCConfigurationList section */
	};
	rootObject = DB325D72283418BF00FCB14F /* Project object */;
}
